// !$*UTF8*$!
{
	archiveVersion = 1;
	classes = {
	};
	objectVersion = 46;
	objects = {

/* Begin PBXBuildFile section */
		A0151AEA1C834B350078D3EF /* down_highlight.png in Resources */ = {isa = PBXBuildFile; fileRef = A0151AE41C834B350078D3EF /* down_highlight.png */; };
		A0151AEB1C834B350078D3EF /* left_highlight.png in Resources */ = {isa = PBXBuildFile; fileRef = A0151AE51C834B350078D3EF /* left_highlight.png */; };
		A0151AEC1C834B350078D3EF /* objectA_highlight.png in Resources */ = {isa = PBXBuildFile; fileRef = A0151AE61C834B350078D3EF /* objectA_highlight.png */; };
		A0151AED1C834B350078D3EF /* objectB_highlight.png in Resources */ = {isa = PBXBuildFile; fileRef = A0151AE71C834B350078D3EF /* objectB_highlight.png */; };
		A0151AEE1C834B350078D3EF /* objectC_highlight.png in Resources */ = {isa = PBXBuildFile; fileRef = A0151AE81C834B350078D3EF /* objectC_highlight.png */; };
		A0151AEF1C834B350078D3EF /* right_highlight.png in Resources */ = {isa = PBXBuildFile; fileRef = A0151AE91C834B350078D3EF /* right_highlight.png */; };
		A0151AF61C834BA00078D3EF /* down.png in Resources */ = {isa = PBXBuildFile; fileRef = A0151AF01C834BA00078D3EF /* down.png */; };
		A0151AF71C834BA00078D3EF /* left.png in Resources */ = {isa = PBXBuildFile; fileRef = A0151AF11C834BA00078D3EF /* left.png */; };
		A0151AF81C834BA00078D3EF /* objecta.png in Resources */ = {isa = PBXBuildFile; fileRef = A0151AF21C834BA00078D3EF /* objecta.png */; };
		A0151AF91C834BA00078D3EF /* objectb.png in Resources */ = {isa = PBXBuildFile; fileRef = A0151AF31C834BA00078D3EF /* objectb.png */; };
		A0151AFA1C834BA00078D3EF /* objectc.png in Resources */ = {isa = PBXBuildFile; fileRef = A0151AF41C834BA00078D3EF /* objectc.png */; };
		A0151AFB1C834BA00078D3EF /* right.png in Resources */ = {isa = PBXBuildFile; fileRef = A0151AF51C834BA00078D3EF /* right.png */; };
		A0151B021C834D150078D3EF /* program_down.png in Resources */ = {isa = PBXBuildFile; fileRef = A0151AFC1C834D150078D3EF /* program_down.png */; };
		A0151B031C834D150078D3EF /* program_left.png in Resources */ = {isa = PBXBuildFile; fileRef = A0151AFD1C834D150078D3EF /* program_left.png */; };
		A0151B041C834D150078D3EF /* program_objecta.png in Resources */ = {isa = PBXBuildFile; fileRef = A0151AFE1C834D150078D3EF /* program_objecta.png */; };
		A0151B051C834D150078D3EF /* program_objectb.png in Resources */ = {isa = PBXBuildFile; fileRef = A0151AFF1C834D150078D3EF /* program_objectb.png */; };
		A0151B061C834D150078D3EF /* program_objectc.png in Resources */ = {isa = PBXBuildFile; fileRef = A0151B001C834D150078D3EF /* program_objectc.png */; };
		A0151B071C834D150078D3EF /* program_right.png in Resources */ = {isa = PBXBuildFile; fileRef = A0151B011C834D150078D3EF /* program_right.png */; };
		A022B96E1CAC420000091B7F /* ProgramCell.swift in Sources */ = {isa = PBXBuildFile; fileRef = A022B96D1CAC420000091B7F /* ProgramCell.swift */; };
		A031D46B1CA3268F00CC24E7 /* home_disabled.png in Resources */ = {isa = PBXBuildFile; fileRef = A031D46A1CA3268F00CC24E7 /* home_disabled.png */; };
		A031D46D1CA3277800CC24E7 /* user_disabled.png in Resources */ = {isa = PBXBuildFile; fileRef = A031D46C1CA3277800CC24E7 /* user_disabled.png */; };
		A04006731CA199E600B6916E /* user.png in Resources */ = {isa = PBXBuildFile; fileRef = A04006721CA199E600B6916E /* user.png */; };
		A04006751CA19A4900B6916E /* user_pressed.png in Resources */ = {isa = PBXBuildFile; fileRef = A04006741CA19A4900B6916E /* user_pressed.png */; };
		A04006781CA1A67600B6916E /* home_pressed.png in Resources */ = {isa = PBXBuildFile; fileRef = A04006771CA1A67600B6916E /* home_pressed.png */; };
		A040067A1CA1A68E00B6916E /* home.png in Resources */ = {isa = PBXBuildFile; fileRef = A04006791CA1A68E00B6916E /* home.png */; };
		A040067C1CA1AE4D00B6916E /* mute.png in Resources */ = {isa = PBXBuildFile; fileRef = A040067B1CA1AE4D00B6916E /* mute.png */; };
		A040067E1CA1AE6100B6916E /* audio.png in Resources */ = {isa = PBXBuildFile; fileRef = A040067D1CA1AE6100B6916E /* audio.png */; };
		A04006821CA1C38F00B6916E /* UserViewController.swift in Sources */ = {isa = PBXBuildFile; fileRef = A04006811CA1C38E00B6916E /* UserViewController.swift */; };
		A056A1831CB546210027E530 /* monkey.png in Resources */ = {isa = PBXBuildFile; fileRef = A056A1821CB546210027E530 /* monkey.png */; };
		A056A1851CB5481F0027E530 /* house.png in Resources */ = {isa = PBXBuildFile; fileRef = A056A1841CB5481F0027E530 /* house.png */; };
		A056A1871CB6AFC10027E530 /* dog.atlas in Resources */ = {isa = PBXBuildFile; fileRef = A056A1861CB6AFC10027E530 /* dog.atlas */; };
		A056A1891CB705600027E530 /* LevelViewController.swift in Sources */ = {isa = PBXBuildFile; fileRef = A056A1881CB705600027E530 /* LevelViewController.swift */; };
		A056A1C71CB81C820027E530 /* FirstViewController.swift in Sources */ = {isa = PBXBuildFile; fileRef = A056A1C51CB81C820027E530 /* FirstViewController.swift */; };
		A056A1C81CB81C820027E530 /* PopUpViewController.swift in Sources */ = {isa = PBXBuildFile; fileRef = A056A1C61CB81C820027E530 /* PopUpViewController.swift */; };
		A056A1CB1CB81C930027E530 /* Test.storyboard in Resources */ = {isa = PBXBuildFile; fileRef = A056A1C91CB81C930027E530 /* Test.storyboard */; };
		A056A1CC1CB81C930027E530 /* CustomSegue.swift in Sources */ = {isa = PBXBuildFile; fileRef = A056A1CA1CB81C930027E530 /* CustomSegue.swift */; };
		A05814421CAC1BE1001627B8 /* MaterialView.swift in Sources */ = {isa = PBXBuildFile; fileRef = A05814411CAC1BE1001627B8 /* MaterialView.swift */; };
		A05814461CAC1C2E001627B8 /* Constants.swift in Sources */ = {isa = PBXBuildFile; fileRef = A05814451CAC1C2E001627B8 /* Constants.swift */; };
		A058144A1CAC2158001627B8 /* Si Kancil.ttf in Resources */ = {isa = PBXBuildFile; fileRef = A05814491CAC2158001627B8 /* Si Kancil.ttf */; };
		A058144C1CAC239E001627B8 /* MaterialTextField.swift in Sources */ = {isa = PBXBuildFile; fileRef = A058144B1CAC239E001627B8 /* MaterialTextField.swift */; };
		A08CFF301CAC057800D3B7AD /* btnQuit.png in Resources */ = {isa = PBXBuildFile; fileRef = A08CFF2F1CAC057800D3B7AD /* btnQuit.png */; };
		A08EA5FF1CB934DB005E1C81 /* star0.png in Resources */ = {isa = PBXBuildFile; fileRef = A08EA5FE1CB934DB005E1C81 /* star0.png */; };
		A08EA6031CB93520005E1C81 /* star1.png in Resources */ = {isa = PBXBuildFile; fileRef = A08EA6001CB93520005E1C81 /* star1.png */; };
		A08EA6041CB93520005E1C81 /* star2.png in Resources */ = {isa = PBXBuildFile; fileRef = A08EA6011CB93520005E1C81 /* star2.png */; };
		A08EA6051CB93520005E1C81 /* star3.png in Resources */ = {isa = PBXBuildFile; fileRef = A08EA6021CB93520005E1C81 /* star3.png */; };
		A08EA6071CB956BE005E1C81 /* padlock.png in Resources */ = {isa = PBXBuildFile; fileRef = A08EA6061CB956BE005E1C81 /* padlock.png */; };
		A08EA6091CB95FD3005E1C81 /* FeedbackViewController.swift in Sources */ = {isa = PBXBuildFile; fileRef = A08EA6081CB95FD3005E1C81 /* FeedbackViewController.swift */; };
		A09C30B71C9EFE0900D1406F /* UserModel.swift in Sources */ = {isa = PBXBuildFile; fileRef = A09C30B61C9EFE0900D1406F /* UserModel.swift */; };
		A0A1F1CA1CB410E100C8CCA4 /* bin.atlas in Resources */ = {isa = PBXBuildFile; fileRef = A0A1F1C91CB410E100C8CCA4 /* bin.atlas */; };
		A0AD39B51CA6DE140088FB60 /* GameScene.swift in Sources */ = {isa = PBXBuildFile; fileRef = A0AD39B41CA6DE140088FB60 /* GameScene.swift */; };
		A0AD39B71CA6DE2B0088FB60 /* ControlsScene.swift in Sources */ = {isa = PBXBuildFile; fileRef = A0AD39B61CA6DE2B0088FB60 /* ControlsScene.swift */; };
		A0DFDBC01C9B14910056196A /* HomeScene.swift in Sources */ = {isa = PBXBuildFile; fileRef = A0DFDBBF1C9B14910056196A /* HomeScene.swift */; };
		A0DFDBC41C9C64290056196A /* menuBackground.png in Resources */ = {isa = PBXBuildFile; fileRef = A0DFDBC31C9C64290056196A /* menuBackground.png */; };
		A0E384C51CB98743002B5C0C /* FeedbackView.swift in Sources */ = {isa = PBXBuildFile; fileRef = A0E384C41CB98743002B5C0C /* FeedbackView.swift */; };
		A0E87C591C7A358E0098BEE2 /* AppDelegate.swift in Sources */ = {isa = PBXBuildFile; fileRef = A0E87C581C7A358E0098BEE2 /* AppDelegate.swift */; };
		A0E87C5F1C7A358E0098BEE2 /* GameViewController.swift in Sources */ = {isa = PBXBuildFile; fileRef = A0E87C5E1C7A358E0098BEE2 /* GameViewController.swift */; };
		A0E87C621C7A358E0098BEE2 /* Main.storyboard in Resources */ = {isa = PBXBuildFile; fileRef = A0E87C601C7A358E0098BEE2 /* Main.storyboard */; };
		A0E87C641C7A358E0098BEE2 /* Assets.xcassets in Resources */ = {isa = PBXBuildFile; fileRef = A0E87C631C7A358E0098BEE2 /* Assets.xcassets */; };
		A0E87C671C7A358E0098BEE2 /* LaunchScreen.storyboard in Resources */ = {isa = PBXBuildFile; fileRef = A0E87C651C7A358E0098BEE2 /* LaunchScreen.storyboard */; };
		A0E87C721C7A358E0098BEE2 /* Dissertation_IOS_SpriteKitTests.swift in Sources */ = {isa = PBXBuildFile; fileRef = A0E87C711C7A358E0098BEE2 /* Dissertation_IOS_SpriteKitTests.swift */; };
		A0F1BE451C7F528300C62870 /* play_highlight.png in Resources */ = {isa = PBXBuildFile; fileRef = A0F1BE441C7F528300C62870 /* play_highlight.png */; };
		A0F1BE471C7F528900C62870 /* play.png in Resources */ = {isa = PBXBuildFile; fileRef = A0F1BE461C7F528900C62870 /* play.png */; };
		A0F1BE491C7F5C6E00C62870 /* up_highlight.png in Resources */ = {isa = PBXBuildFile; fileRef = A0F1BE481C7F5C6E00C62870 /* up_highlight.png */; };
		A0F1BE4B1C7F5C7700C62870 /* up.png in Resources */ = {isa = PBXBuildFile; fileRef = A0F1BE4A1C7F5C7700C62870 /* up.png */; };
		A0F1BE4E1C7F5D3900C62870 /* program_up.png in Resources */ = {isa = PBXBuildFile; fileRef = A0F1BE4D1C7F5D3900C62870 /* program_up.png */; };
		A0F1BE501C7F5D3F00C62870 /* program_play.png in Resources */ = {isa = PBXBuildFile; fileRef = A0F1BE4F1C7F5D3F00C62870 /* program_play.png */; };
		A0F1BE521C7F6CC100C62870 /* Program.swift in Sources */ = {isa = PBXBuildFile; fileRef = A0F1BE511C7F6CC100C62870 /* Program.swift */; };
		A0F3B7881C7DCAB3000A686A /* TestScene.sks in Resources */ = {isa = PBXBuildFile; fileRef = A0F3B7871C7DCAB3000A686A /* TestScene.sks */; };
		A0F3B78D1C7DEFF0000A686A /* outBckground.png in Resources */ = {isa = PBXBuildFile; fileRef = A0F3B78B1C7DEFF0000A686A /* outBckground.png */; };
		A0F3B7981C7DF5D0000A686A /* instBackground.png in Resources */ = {isa = PBXBuildFile; fileRef = A0F3B7971C7DF5D0000A686A /* instBackground.png */; };
		A0F3B79A1C7E2D87000A686A /* prgBckground.png in Resources */ = {isa = PBXBuildFile; fileRef = A0F3B7991C7E2D87000A686A /* prgBckground.png */; };
		A0F3B79C1C7E2F68000A686A /* Level.swift in Sources */ = {isa = PBXBuildFile; fileRef = A0F3B79B1C7E2F68000A686A /* Level.swift */; };
		A0F3B79E1C7E355D000A686A /* Blocks.swift in Sources */ = {isa = PBXBuildFile; fileRef = A0F3B79D1C7E355D000A686A /* Blocks.swift */; };
		A0FD09291CA97B2300267669 /* btnOK.png in Resources */ = {isa = PBXBuildFile; fileRef = A0FD09281CA97B2300267669 /* btnOK.png */; };
		A0FD092B1CA97B2A00267669 /* btnCancel.png in Resources */ = {isa = PBXBuildFile; fileRef = A0FD092A1CA97B2A00267669 /* btnCancel.png */; };
		A0FD092D1CAADB1A00267669 /* HomeViewController.swift in Sources */ = {isa = PBXBuildFile; fileRef = A0FD092C1CAADB1A00267669 /* HomeViewController.swift */; };
		A0FD09351CAADBF700267669 /* menuBackgroundwithText.png in Resources */ = {isa = PBXBuildFile; fileRef = A0FD09341CAADBF700267669 /* menuBackgroundwithText.png */; };
		A0FD09371CAADC0D00267669 /* btnPlay.png in Resources */ = {isa = PBXBuildFile; fileRef = A0FD09361CAADC0D00267669 /* btnPlay.png */; };
		A0FD09391CAADC1300267669 /* btnHelp.png in Resources */ = {isa = PBXBuildFile; fileRef = A0FD09381CAADC1300267669 /* btnHelp.png */; };
		A0FD093B1CAADDF000267669 /* homebackground.png in Resources */ = {isa = PBXBuildFile; fileRef = A0FD093A1CAADDF000267669 /* homebackground.png */; };
/* End PBXBuildFile section */

/* Begin PBXContainerItemProxy section */
		A0E87C6E1C7A358E0098BEE2 /* PBXContainerItemProxy */ = {
			isa = PBXContainerItemProxy;
			containerPortal = A0E87C4D1C7A358E0098BEE2 /* Project object */;
			proxyType = 1;
			remoteGlobalIDString = A0E87C541C7A358E0098BEE2;
			remoteInfo = "Dissertation-IOS-SpriteKit";
		};
/* End PBXContainerItemProxy section */

/* Begin PBXFileReference section */
		A0151AE41C834B350078D3EF /* down_highlight.png */ = {isa = PBXFileReference; lastKnownFileType = image.png; path = down_highlight.png; sourceTree = "<group>"; };
		A0151AE51C834B350078D3EF /* left_highlight.png */ = {isa = PBXFileReference; lastKnownFileType = image.png; path = left_highlight.png; sourceTree = "<group>"; };
		A0151AE61C834B350078D3EF /* objectA_highlight.png */ = {isa = PBXFileReference; lastKnownFileType = image.png; path = objectA_highlight.png; sourceTree = "<group>"; };
		A0151AE71C834B350078D3EF /* objectB_highlight.png */ = {isa = PBXFileReference; lastKnownFileType = image.png; path = objectB_highlight.png; sourceTree = "<group>"; };
		A0151AE81C834B350078D3EF /* objectC_highlight.png */ = {isa = PBXFileReference; lastKnownFileType = image.png; path = objectC_highlight.png; sourceTree = "<group>"; };
		A0151AE91C834B350078D3EF /* right_highlight.png */ = {isa = PBXFileReference; lastKnownFileType = image.png; path = right_highlight.png; sourceTree = "<group>"; };
		A0151AF01C834BA00078D3EF /* down.png */ = {isa = PBXFileReference; lastKnownFileType = image.png; path = down.png; sourceTree = "<group>"; };
		A0151AF11C834BA00078D3EF /* left.png */ = {isa = PBXFileReference; lastKnownFileType = image.png; path = left.png; sourceTree = "<group>"; };
		A0151AF21C834BA00078D3EF /* objecta.png */ = {isa = PBXFileReference; lastKnownFileType = image.png; path = objecta.png; sourceTree = "<group>"; };
		A0151AF31C834BA00078D3EF /* objectb.png */ = {isa = PBXFileReference; lastKnownFileType = image.png; path = objectb.png; sourceTree = "<group>"; };
		A0151AF41C834BA00078D3EF /* objectc.png */ = {isa = PBXFileReference; lastKnownFileType = image.png; path = objectc.png; sourceTree = "<group>"; };
		A0151AF51C834BA00078D3EF /* right.png */ = {isa = PBXFileReference; lastKnownFileType = image.png; path = right.png; sourceTree = "<group>"; };
		A0151AFC1C834D150078D3EF /* program_down.png */ = {isa = PBXFileReference; lastKnownFileType = image.png; path = program_down.png; sourceTree = "<group>"; };
		A0151AFD1C834D150078D3EF /* program_left.png */ = {isa = PBXFileReference; lastKnownFileType = image.png; path = program_left.png; sourceTree = "<group>"; };
		A0151AFE1C834D150078D3EF /* program_objecta.png */ = {isa = PBXFileReference; lastKnownFileType = image.png; path = program_objecta.png; sourceTree = "<group>"; };
		A0151AFF1C834D150078D3EF /* program_objectb.png */ = {isa = PBXFileReference; lastKnownFileType = image.png; path = program_objectb.png; sourceTree = "<group>"; };
		A0151B001C834D150078D3EF /* program_objectc.png */ = {isa = PBXFileReference; lastKnownFileType = image.png; path = program_objectc.png; sourceTree = "<group>"; };
		A0151B011C834D150078D3EF /* program_right.png */ = {isa = PBXFileReference; lastKnownFileType = image.png; path = program_right.png; sourceTree = "<group>"; };
		A022B96D1CAC420000091B7F /* ProgramCell.swift */ = {isa = PBXFileReference; fileEncoding = 4; lastKnownFileType = sourcecode.swift; path = ProgramCell.swift; sourceTree = "<group>"; };
		A031D46A1CA3268F00CC24E7 /* home_disabled.png */ = {isa = PBXFileReference; lastKnownFileType = image.png; path = home_disabled.png; sourceTree = "<group>"; };
		A031D46C1CA3277800CC24E7 /* user_disabled.png */ = {isa = PBXFileReference; lastKnownFileType = image.png; path = user_disabled.png; sourceTree = "<group>"; };
		A04006721CA199E600B6916E /* user.png */ = {isa = PBXFileReference; lastKnownFileType = image.png; path = user.png; sourceTree = "<group>"; };
		A04006741CA19A4900B6916E /* user_pressed.png */ = {isa = PBXFileReference; lastKnownFileType = image.png; path = user_pressed.png; sourceTree = "<group>"; };
		A04006771CA1A67600B6916E /* home_pressed.png */ = {isa = PBXFileReference; lastKnownFileType = image.png; path = home_pressed.png; sourceTree = "<group>"; };
		A04006791CA1A68E00B6916E /* home.png */ = {isa = PBXFileReference; lastKnownFileType = image.png; path = home.png; sourceTree = "<group>"; };
		A040067B1CA1AE4D00B6916E /* mute.png */ = {isa = PBXFileReference; lastKnownFileType = image.png; path = mute.png; sourceTree = "<group>"; };
		A040067D1CA1AE6100B6916E /* audio.png */ = {isa = PBXFileReference; lastKnownFileType = image.png; path = audio.png; sourceTree = "<group>"; };
		A04006811CA1C38E00B6916E /* UserViewController.swift */ = {isa = PBXFileReference; fileEncoding = 4; lastKnownFileType = sourcecode.swift; path = UserViewController.swift; sourceTree = "<group>"; };
		A056A1821CB546210027E530 /* monkey.png */ = {isa = PBXFileReference; lastKnownFileType = image.png; path = monkey.png; sourceTree = "<group>"; };
		A056A1841CB5481F0027E530 /* house.png */ = {isa = PBXFileReference; lastKnownFileType = image.png; path = house.png; sourceTree = "<group>"; };
		A056A1861CB6AFC10027E530 /* dog.atlas */ = {isa = PBXFileReference; lastKnownFileType = folder.skatlas; path = dog.atlas; sourceTree = "<group>"; };
		A056A1881CB705600027E530 /* LevelViewController.swift */ = {isa = PBXFileReference; fileEncoding = 4; lastKnownFileType = sourcecode.swift; path = LevelViewController.swift; sourceTree = "<group>"; };
		A056A1C51CB81C820027E530 /* FirstViewController.swift */ = {isa = PBXFileReference; fileEncoding = 4; lastKnownFileType = sourcecode.swift; path = FirstViewController.swift; sourceTree = "<group>"; };
		A056A1C61CB81C820027E530 /* PopUpViewController.swift */ = {isa = PBXFileReference; fileEncoding = 4; lastKnownFileType = sourcecode.swift; path = PopUpViewController.swift; sourceTree = "<group>"; };
		A056A1C91CB81C930027E530 /* Test.storyboard */ = {isa = PBXFileReference; fileEncoding = 4; lastKnownFileType = file.storyboard; path = Test.storyboard; sourceTree = "<group>"; };
		A056A1CA1CB81C930027E530 /* CustomSegue.swift */ = {isa = PBXFileReference; fileEncoding = 4; lastKnownFileType = sourcecode.swift; path = CustomSegue.swift; sourceTree = "<group>"; };
		A05814411CAC1BE1001627B8 /* MaterialView.swift */ = {isa = PBXFileReference; fileEncoding = 4; lastKnownFileType = sourcecode.swift; path = MaterialView.swift; sourceTree = "<group>"; };
		A05814451CAC1C2E001627B8 /* Constants.swift */ = {isa = PBXFileReference; fileEncoding = 4; lastKnownFileType = sourcecode.swift; path = Constants.swift; sourceTree = "<group>"; };
		A05814491CAC2158001627B8 /* Si Kancil.ttf */ = {isa = PBXFileReference; lastKnownFileType = file; path = "Si Kancil.ttf"; sourceTree = "<group>"; };
		A058144B1CAC239E001627B8 /* MaterialTextField.swift */ = {isa = PBXFileReference; fileEncoding = 4; lastKnownFileType = sourcecode.swift; path = MaterialTextField.swift; sourceTree = "<group>"; };
		A08CFF2F1CAC057800D3B7AD /* btnQuit.png */ = {isa = PBXFileReference; lastKnownFileType = image.png; path = btnQuit.png; sourceTree = "<group>"; };
		A08EA5FE1CB934DB005E1C81 /* star0.png */ = {isa = PBXFileReference; lastKnownFileType = image.png; path = star0.png; sourceTree = "<group>"; };
		A08EA6001CB93520005E1C81 /* star1.png */ = {isa = PBXFileReference; lastKnownFileType = image.png; path = star1.png; sourceTree = "<group>"; };
		A08EA6011CB93520005E1C81 /* star2.png */ = {isa = PBXFileReference; lastKnownFileType = image.png; path = star2.png; sourceTree = "<group>"; };
		A08EA6021CB93520005E1C81 /* star3.png */ = {isa = PBXFileReference; lastKnownFileType = image.png; path = star3.png; sourceTree = "<group>"; };
		A08EA6061CB956BE005E1C81 /* padlock.png */ = {isa = PBXFileReference; lastKnownFileType = image.png; path = padlock.png; sourceTree = "<group>"; };
		A08EA6081CB95FD3005E1C81 /* FeedbackViewController.swift */ = {isa = PBXFileReference; fileEncoding = 4; lastKnownFileType = sourcecode.swift; path = FeedbackViewController.swift; sourceTree = "<group>"; };
		A09C30B61C9EFE0900D1406F /* UserModel.swift */ = {isa = PBXFileReference; fileEncoding = 4; lastKnownFileType = sourcecode.swift; path = UserModel.swift; sourceTree = "<group>"; };
		A0A1F1C91CB410E100C8CCA4 /* bin.atlas */ = {isa = PBXFileReference; lastKnownFileType = folder.skatlas; path = bin.atlas; sourceTree = "<group>"; };
		A0AD39B41CA6DE140088FB60 /* GameScene.swift */ = {isa = PBXFileReference; fileEncoding = 4; lastKnownFileType = sourcecode.swift; path = GameScene.swift; sourceTree = "<group>"; };
		A0AD39B61CA6DE2B0088FB60 /* ControlsScene.swift */ = {isa = PBXFileReference; fileEncoding = 4; lastKnownFileType = sourcecode.swift; path = ControlsScene.swift; sourceTree = "<group>"; };
		A0DFDBBF1C9B14910056196A /* HomeScene.swift */ = {isa = PBXFileReference; fileEncoding = 4; lastKnownFileType = sourcecode.swift; path = HomeScene.swift; sourceTree = "<group>"; };
		A0DFDBC31C9C64290056196A /* menuBackground.png */ = {isa = PBXFileReference; lastKnownFileType = image.png; path = menuBackground.png; sourceTree = "<group>"; };
		A0E384C41CB98743002B5C0C /* FeedbackView.swift */ = {isa = PBXFileReference; fileEncoding = 4; lastKnownFileType = sourcecode.swift; path = FeedbackView.swift; sourceTree = "<group>"; };
		A0E87C551C7A358E0098BEE2 /* Dissertation-IOS-SpriteKit.app */ = {isa = PBXFileReference; explicitFileType = wrapper.application; includeInIndex = 0; path = "Dissertation-IOS-SpriteKit.app"; sourceTree = BUILT_PRODUCTS_DIR; };
		A0E87C581C7A358E0098BEE2 /* AppDelegate.swift */ = {isa = PBXFileReference; lastKnownFileType = sourcecode.swift; path = AppDelegate.swift; sourceTree = "<group>"; };
		A0E87C5E1C7A358E0098BEE2 /* GameViewController.swift */ = {isa = PBXFileReference; lastKnownFileType = sourcecode.swift; path = GameViewController.swift; sourceTree = "<group>"; };
		A0E87C611C7A358E0098BEE2 /* Base */ = {isa = PBXFileReference; lastKnownFileType = file.storyboard; name = Base; path = Base.lproj/Main.storyboard; sourceTree = "<group>"; };
		A0E87C631C7A358E0098BEE2 /* Assets.xcassets */ = {isa = PBXFileReference; lastKnownFileType = folder.assetcatalog; path = Assets.xcassets; sourceTree = "<group>"; };
		A0E87C661C7A358E0098BEE2 /* Base */ = {isa = PBXFileReference; lastKnownFileType = file.storyboard; name = Base; path = Base.lproj/LaunchScreen.storyboard; sourceTree = "<group>"; };
		A0E87C681C7A358E0098BEE2 /* Info.plist */ = {isa = PBXFileReference; lastKnownFileType = text.plist.xml; path = Info.plist; sourceTree = "<group>"; };
		A0E87C6D1C7A358E0098BEE2 /* Dissertation-IOS-SpriteKitTests.xctest */ = {isa = PBXFileReference; explicitFileType = wrapper.cfbundle; includeInIndex = 0; path = "Dissertation-IOS-SpriteKitTests.xctest"; sourceTree = BUILT_PRODUCTS_DIR; };
		A0E87C711C7A358E0098BEE2 /* Dissertation_IOS_SpriteKitTests.swift */ = {isa = PBXFileReference; lastKnownFileType = sourcecode.swift; path = Dissertation_IOS_SpriteKitTests.swift; sourceTree = "<group>"; };
		A0E87C731C7A358E0098BEE2 /* Info.plist */ = {isa = PBXFileReference; lastKnownFileType = text.plist.xml; path = Info.plist; sourceTree = "<group>"; };
		A0F1BE441C7F528300C62870 /* play_highlight.png */ = {isa = PBXFileReference; lastKnownFileType = image.png; path = play_highlight.png; sourceTree = "<group>"; };
		A0F1BE461C7F528900C62870 /* play.png */ = {isa = PBXFileReference; lastKnownFileType = image.png; path = play.png; sourceTree = "<group>"; };
		A0F1BE481C7F5C6E00C62870 /* up_highlight.png */ = {isa = PBXFileReference; lastKnownFileType = image.png; path = up_highlight.png; sourceTree = "<group>"; };
		A0F1BE4A1C7F5C7700C62870 /* up.png */ = {isa = PBXFileReference; lastKnownFileType = image.png; path = up.png; sourceTree = "<group>"; };
		A0F1BE4D1C7F5D3900C62870 /* program_up.png */ = {isa = PBXFileReference; lastKnownFileType = image.png; path = program_up.png; sourceTree = "<group>"; };
		A0F1BE4F1C7F5D3F00C62870 /* program_play.png */ = {isa = PBXFileReference; lastKnownFileType = image.png; path = program_play.png; sourceTree = "<group>"; };
		A0F1BE511C7F6CC100C62870 /* Program.swift */ = {isa = PBXFileReference; fileEncoding = 4; lastKnownFileType = sourcecode.swift; path = Program.swift; sourceTree = "<group>"; };
		A0F3B7871C7DCAB3000A686A /* TestScene.sks */ = {isa = PBXFileReference; lastKnownFileType = file.sks; path = TestScene.sks; sourceTree = "<group>"; };
		A0F3B78B1C7DEFF0000A686A /* outBckground.png */ = {isa = PBXFileReference; lastKnownFileType = image.png; path = outBckground.png; sourceTree = "<group>"; };
		A0F3B7971C7DF5D0000A686A /* instBackground.png */ = {isa = PBXFileReference; lastKnownFileType = image.png; path = instBackground.png; sourceTree = "<group>"; };
		A0F3B7991C7E2D87000A686A /* prgBckground.png */ = {isa = PBXFileReference; lastKnownFileType = image.png; path = prgBckground.png; sourceTree = "<group>"; };
		A0F3B79B1C7E2F68000A686A /* Level.swift */ = {isa = PBXFileReference; fileEncoding = 4; lastKnownFileType = sourcecode.swift; path = Level.swift; sourceTree = "<group>"; };
		A0F3B79D1C7E355D000A686A /* Blocks.swift */ = {isa = PBXFileReference; fileEncoding = 4; lastKnownFileType = sourcecode.swift; path = Blocks.swift; sourceTree = "<group>"; };
		A0FD09281CA97B2300267669 /* btnOK.png */ = {isa = PBXFileReference; lastKnownFileType = image.png; path = btnOK.png; sourceTree = "<group>"; };
		A0FD092A1CA97B2A00267669 /* btnCancel.png */ = {isa = PBXFileReference; lastKnownFileType = image.png; path = btnCancel.png; sourceTree = "<group>"; };
		A0FD092C1CAADB1A00267669 /* HomeViewController.swift */ = {isa = PBXFileReference; fileEncoding = 4; lastKnownFileType = sourcecode.swift; path = HomeViewController.swift; sourceTree = "<group>"; };
		A0FD09341CAADBF700267669 /* menuBackgroundwithText.png */ = {isa = PBXFileReference; lastKnownFileType = image.png; path = menuBackgroundwithText.png; sourceTree = "<group>"; };
		A0FD09361CAADC0D00267669 /* btnPlay.png */ = {isa = PBXFileReference; lastKnownFileType = image.png; path = btnPlay.png; sourceTree = "<group>"; };
		A0FD09381CAADC1300267669 /* btnHelp.png */ = {isa = PBXFileReference; lastKnownFileType = image.png; path = btnHelp.png; sourceTree = "<group>"; };
		A0FD093A1CAADDF000267669 /* homebackground.png */ = {isa = PBXFileReference; lastKnownFileType = image.png; path = homebackground.png; sourceTree = "<group>"; };
/* End PBXFileReference section */

/* Begin PBXFrameworksBuildPhase section */
		A0E87C521C7A358E0098BEE2 /* Frameworks */ = {
			isa = PBXFrameworksBuildPhase;
			buildActionMask = 2147483647;
			files = (
			);
			runOnlyForDeploymentPostprocessing = 0;
		};
		A0E87C6A1C7A358E0098BEE2 /* Frameworks */ = {
			isa = PBXFrameworksBuildPhase;
			buildActionMask = 2147483647;
			files = (
			);
			runOnlyForDeploymentPostprocessing = 0;
		};
/* End PBXFrameworksBuildPhase section */

/* Begin PBXGroup section */
		A0151AE01C8336F00078D3EF /* Sections */ = {
			isa = PBXGroup;
			children = (
				A0F1BE511C7F6CC100C62870 /* Program.swift */,
				A0F3B79B1C7E2F68000A686A /* Level.swift */,
				A0F3B79D1C7E355D000A686A /* Blocks.swift */,
			);
			name = Sections;
			sourceTree = "<group>";
		};
		A0151AE11C83370A0078D3EF /* Scenes */ = {
			isa = PBXGroup;
			children = (
				A0DFDBBF1C9B14910056196A /* HomeScene.swift */,
				A0AD39B41CA6DE140088FB60 /* GameScene.swift */,
				A0AD39B61CA6DE2B0088FB60 /* ControlsScene.swift */,
			);
			name = Scenes;
			sourceTree = "<group>";
		};
		A031D4681CA2EE8500CC24E7 /* Controller */ = {
			isa = PBXGroup;
			children = (
				A04006811CA1C38E00B6916E /* UserViewController.swift */,
				A0FD092C1CAADB1A00267669 /* HomeViewController.swift */,
				A056A1881CB705600027E530 /* LevelViewController.swift */,
				A0E87C5E1C7A358E0098BEE2 /* GameViewController.swift */,
				A08EA6081CB95FD3005E1C81 /* FeedbackViewController.swift */,
				A0E384C41CB98743002B5C0C /* FeedbackView.swift */,
			);
			name = Controller;
			sourceTree = "<group>";
		};
		A031D4691CA2EE9600CC24E7 /* Models */ = {
			isa = PBXGroup;
			children = (
				A09C30B61C9EFE0900D1406F /* UserModel.swift */,
			);
			name = Models;
			sourceTree = "<group>";
		};
		A04006761CA1A12900B6916E /* Login.atlas */ = {
			isa = PBXGroup;
			children = (
				A031D46C1CA3277800CC24E7 /* user_disabled.png */,
				A04006741CA19A4900B6916E /* user_pressed.png */,
				A04006721CA199E600B6916E /* user.png */,
			);
			name = Login.atlas;
			sourceTree = "<group>";
		};
		A056A1801CB545F70027E530 /* Blocks */ = {
			isa = PBXGroup;
			children = (
				A0F1BE4C1C7F5CFF00C62870 /* Program */,
				A0F1BE431C7F525F00C62870 /* Block */,
				A0F1BE421C7F525700C62870 /* Highlight */,
			);
			name = Blocks;
			sourceTree = "<group>";
		};
		A056A1811CB546110027E530 /* Output Objects */ = {
			isa = PBXGroup;
			children = (
				A056A1861CB6AFC10027E530 /* dog.atlas */,
				A056A1841CB5481F0027E530 /* house.png */,
				A056A1821CB546210027E530 /* monkey.png */,
			);
			name = "Output Objects";
			sourceTree = "<group>";
		};
		A056A1BB1CB8109A0027E530 /* Testing Space */ = {
			isa = PBXGroup;
			children = (
				A056A1C91CB81C930027E530 /* Test.storyboard */,
				A056A1CA1CB81C930027E530 /* CustomSegue.swift */,
				A056A1BE1CB810B00027E530 /* Controllers */,
			);
			name = "Testing Space";
			sourceTree = "<group>";
		};
		A056A1BE1CB810B00027E530 /* Controllers */ = {
			isa = PBXGroup;
			children = (
				A056A1C51CB81C820027E530 /* FirstViewController.swift */,
				A056A1C61CB81C820027E530 /* PopUpViewController.swift */,
			);
			name = Controllers;
			sourceTree = "<group>";
		};
		A05814431CAC1BE6001627B8 /* View */ = {
			isa = PBXGroup;
			children = (
				A05814411CAC1BE1001627B8 /* MaterialView.swift */,
				A058144B1CAC239E001627B8 /* MaterialTextField.swift */,
				A022B96D1CAC420000091B7F /* ProgramCell.swift */,
			);
			name = View;
			sourceTree = "<group>";
		};
		A05814441CAC1C23001627B8 /* Util */ = {
			isa = PBXGroup;
			children = (
				A05814451CAC1C2E001627B8 /* Constants.swift */,
			);
			name = Util;
			sourceTree = "<group>";
		};
		A08EA5F51CB93187005E1C81 /* Level Screen */ = {
			isa = PBXGroup;
			children = (
				A08EA6061CB956BE005E1C81 /* padlock.png */,
				A08EA5FE1CB934DB005E1C81 /* star0.png */,
				A08EA6001CB93520005E1C81 /* star1.png */,
				A08EA6011CB93520005E1C81 /* star2.png */,
				A08EA6021CB93520005E1C81 /* star3.png */,
			);
			name = "Level Screen";
			sourceTree = "<group>";
		};
		A0DFDBC51C9C64320056196A /* Menu & Buttons */ = {
			isa = PBXGroup;
			children = (
				A031D46A1CA3268F00CC24E7 /* home_disabled.png */,
				A0FD092A1CA97B2A00267669 /* btnCancel.png */,
				A0FD09281CA97B2300267669 /* btnOK.png */,
				A040067D1CA1AE6100B6916E /* audio.png */,
				A040067B1CA1AE4D00B6916E /* mute.png */,
				A04006791CA1A68E00B6916E /* home.png */,
				A04006771CA1A67600B6916E /* home_pressed.png */,
				A04006761CA1A12900B6916E /* Login.atlas */,
				A0DFDBC31C9C64290056196A /* menuBackground.png */,
			);
			name = "Menu & Buttons";
			sourceTree = "<group>";
		};
		A0E87C4C1C7A358E0098BEE2 = {
			isa = PBXGroup;
			children = (
				A0E87C571C7A358E0098BEE2 /* Dissertation-IOS-SpriteKit */,
				A0E87C701C7A358E0098BEE2 /* Dissertation-IOS-SpriteKitTests */,
				A0E87C561C7A358E0098BEE2 /* Products */,
			);
			sourceTree = "<group>";
		};
		A0E87C561C7A358E0098BEE2 /* Products */ = {
			isa = PBXGroup;
			children = (
				A0E87C551C7A358E0098BEE2 /* Dissertation-IOS-SpriteKit.app */,
				A0E87C6D1C7A358E0098BEE2 /* Dissertation-IOS-SpriteKitTests.xctest */,
			);
			name = Products;
			sourceTree = "<group>";
		};
		A0E87C571C7A358E0098BEE2 /* Dissertation-IOS-SpriteKit */ = {
			isa = PBXGroup;
			children = (
				A05814441CAC1C23001627B8 /* Util */,
				A0E87C581C7A358E0098BEE2 /* AppDelegate.swift */,
				A05814431CAC1BE6001627B8 /* View */,
				A031D4691CA2EE9600CC24E7 /* Models */,
				A031D4681CA2EE8500CC24E7 /* Controller */,
				A0151AE11C83370A0078D3EF /* Scenes */,
				A0151AE01C8336F00078D3EF /* Sections */,
				A0E87C631C7A358E0098BEE2 /* Assets.xcassets */,
				A0FD092E1CAADB3500267669 /* Storyboards */,
				A0E87C681C7A358E0098BEE2 /* Info.plist */,
				A05814491CAC2158001627B8 /* Si Kancil.ttf */,
				A0E87C801C7A3BBE0098BEE2 /* Supporting Files */,
				A0F3B7871C7DCAB3000A686A /* TestScene.sks */,
			);
			path = "Dissertation-IOS-SpriteKit";
			sourceTree = "<group>";
		};
		A0E87C701C7A358E0098BEE2 /* Dissertation-IOS-SpriteKitTests */ = {
			isa = PBXGroup;
			children = (
				A0E87C711C7A358E0098BEE2 /* Dissertation_IOS_SpriteKitTests.swift */,
				A0E87C731C7A358E0098BEE2 /* Info.plist */,
			);
			path = "Dissertation-IOS-SpriteKitTests";
			sourceTree = "<group>";
		};
		A0E87C801C7A3BBE0098BEE2 /* Supporting Files */ = {
			isa = PBXGroup;
			children = (
				A08EA5F51CB93187005E1C81 /* Level Screen */,
				A056A1811CB546110027E530 /* Output Objects */,
				A0FD09311CAADBC800267669 /* Home Screen */,
				A0DFDBC51C9C64320056196A /* Menu & Buttons */,
				A056A1801CB545F70027E530 /* Blocks */,
				A0F3B7901C7DF00A000A686A /* Backgrounds */,
			);
			name = "Supporting Files";
			sourceTree = "<group>";
		};
		A0F1BE421C7F525700C62870 /* Highlight */ = {
			isa = PBXGroup;
			children = (
				A0151AE41C834B350078D3EF /* down_highlight.png */,
				A0151AE51C834B350078D3EF /* left_highlight.png */,
				A0151AE61C834B350078D3EF /* objectA_highlight.png */,
				A0151AE71C834B350078D3EF /* objectB_highlight.png */,
				A0151AE81C834B350078D3EF /* objectC_highlight.png */,
				A0151AE91C834B350078D3EF /* right_highlight.png */,
				A0F1BE481C7F5C6E00C62870 /* up_highlight.png */,
				A0F1BE441C7F528300C62870 /* play_highlight.png */,
			);
			name = Highlight;
			sourceTree = "<group>";
		};
		A0F1BE431C7F525F00C62870 /* Block */ = {
			isa = PBXGroup;
			children = (
				A0F1BE461C7F528900C62870 /* play.png */,
				A0151AF01C834BA00078D3EF /* down.png */,
				A0151AF11C834BA00078D3EF /* left.png */,
				A0151AF21C834BA00078D3EF /* objecta.png */,
				A0151AF31C834BA00078D3EF /* objectb.png */,
				A0151AF41C834BA00078D3EF /* objectc.png */,
				A0151AF51C834BA00078D3EF /* right.png */,
				A0F1BE4A1C7F5C7700C62870 /* up.png */,
			);
			name = Block;
			sourceTree = "<group>";
		};
		A0F1BE4C1C7F5CFF00C62870 /* Program */ = {
			isa = PBXGroup;
			children = (
				A0A1F1C91CB410E100C8CCA4 /* bin.atlas */,
				A0F1BE4D1C7F5D3900C62870 /* program_up.png */,
				A0F1BE4F1C7F5D3F00C62870 /* program_play.png */,
				A0151AFC1C834D150078D3EF /* program_down.png */,
				A0151AFD1C834D150078D3EF /* program_left.png */,
				A0151AFE1C834D150078D3EF /* program_objecta.png */,
				A0151AFF1C834D150078D3EF /* program_objectb.png */,
				A0151B001C834D150078D3EF /* program_objectc.png */,
				A0151B011C834D150078D3EF /* program_right.png */,
			);
			name = Program;
			sourceTree = "<group>";
		};
		A0F3B7901C7DF00A000A686A /* Backgrounds */ = {
			isa = PBXGroup;
			children = (
				A0F3B78B1C7DEFF0000A686A /* outBckground.png */,
				A0F3B7991C7E2D87000A686A /* prgBckground.png */,
				A0F3B7971C7DF5D0000A686A /* instBackground.png */,
			);
			name = Backgrounds;
			sourceTree = "<group>";
		};
		A0FD092E1CAADB3500267669 /* Storyboards */ = {
			isa = PBXGroup;
			children = (
				A056A1BB1CB8109A0027E530 /* Testing Space */,
				A0E87C601C7A358E0098BEE2 /* Main.storyboard */,
				A0E87C651C7A358E0098BEE2 /* LaunchScreen.storyboard */,
			);
			name = Storyboards;
			sourceTree = "<group>";
		};
		A0FD09311CAADBC800267669 /* Home Screen */ = {
			isa = PBXGroup;
			children = (
				A08CFF2F1CAC057800D3B7AD /* btnQuit.png */,
				A0FD093A1CAADDF000267669 /* homebackground.png */,
				A0FD09381CAADC1300267669 /* btnHelp.png */,
				A0FD09361CAADC0D00267669 /* btnPlay.png */,
				A0FD09341CAADBF700267669 /* menuBackgroundwithText.png */,
			);
			name = "Home Screen";
			sourceTree = "<group>";
		};
/* End PBXGroup section */

/* Begin PBXNativeTarget section */
		A0E87C541C7A358E0098BEE2 /* Dissertation-IOS-SpriteKit */ = {
			isa = PBXNativeTarget;
			buildConfigurationList = A0E87C761C7A358E0098BEE2 /* Build configuration list for PBXNativeTarget "Dissertation-IOS-SpriteKit" */;
			buildPhases = (
				A0E87C511C7A358E0098BEE2 /* Sources */,
				A0E87C521C7A358E0098BEE2 /* Frameworks */,
				A0E87C531C7A358E0098BEE2 /* Resources */,
			);
			buildRules = (
			);
			dependencies = (
			);
			name = "Dissertation-IOS-SpriteKit";
			productName = "Dissertation-IOS-SpriteKit";
			productReference = A0E87C551C7A358E0098BEE2 /* Dissertation-IOS-SpriteKit.app */;
			productType = "com.apple.product-type.application";
		};
		A0E87C6C1C7A358E0098BEE2 /* Dissertation-IOS-SpriteKitTests */ = {
			isa = PBXNativeTarget;
			buildConfigurationList = A0E87C791C7A358E0098BEE2 /* Build configuration list for PBXNativeTarget "Dissertation-IOS-SpriteKitTests" */;
			buildPhases = (
				A0E87C691C7A358E0098BEE2 /* Sources */,
				A0E87C6A1C7A358E0098BEE2 /* Frameworks */,
				A0E87C6B1C7A358E0098BEE2 /* Resources */,
			);
			buildRules = (
			);
			dependencies = (
				A0E87C6F1C7A358E0098BEE2 /* PBXTargetDependency */,
			);
			name = "Dissertation-IOS-SpriteKitTests";
			productName = "Dissertation-IOS-SpriteKitTests";
			productReference = A0E87C6D1C7A358E0098BEE2 /* Dissertation-IOS-SpriteKitTests.xctest */;
			productType = "com.apple.product-type.bundle.unit-test";
		};
/* End PBXNativeTarget section */

/* Begin PBXProject section */
		A0E87C4D1C7A358E0098BEE2 /* Project object */ = {
			isa = PBXProject;
			attributes = {
				LastSwiftUpdateCheck = 0720;
				LastUpgradeCheck = 0720;
				ORGANIZATIONNAME = "Mel Schatynski";
				TargetAttributes = {
					A0E87C541C7A358E0098BEE2 = {
						CreatedOnToolsVersion = 7.2.1;
						DevelopmentTeam = G2Z6N6U4A7;
					};
					A0E87C6C1C7A358E0098BEE2 = {
						CreatedOnToolsVersion = 7.2.1;
						TestTargetID = A0E87C541C7A358E0098BEE2;
					};
				};
			};
			buildConfigurationList = A0E87C501C7A358E0098BEE2 /* Build configuration list for PBXProject "Dissertation-IOS-SpriteKit" */;
			compatibilityVersion = "Xcode 3.2";
			developmentRegion = English;
			hasScannedForEncodings = 0;
			knownRegions = (
				en,
				Base,
			);
			mainGroup = A0E87C4C1C7A358E0098BEE2;
			productRefGroup = A0E87C561C7A358E0098BEE2 /* Products */;
			projectDirPath = "";
			projectRoot = "";
			targets = (
				A0E87C541C7A358E0098BEE2 /* Dissertation-IOS-SpriteKit */,
				A0E87C6C1C7A358E0098BEE2 /* Dissertation-IOS-SpriteKitTests */,
			);
		};
/* End PBXProject section */

/* Begin PBXResourcesBuildPhase section */
		A0E87C531C7A358E0098BEE2 /* Resources */ = {
			isa = PBXResourcesBuildPhase;
			buildActionMask = 2147483647;
			files = (
				A040067A1CA1A68E00B6916E /* home.png in Resources */,
				A0151AFB1C834BA00078D3EF /* right.png in Resources */,
				A0151AF71C834BA00078D3EF /* left.png in Resources */,
				A0E87C671C7A358E0098BEE2 /* LaunchScreen.storyboard in Resources */,
				A056A1851CB5481F0027E530 /* house.png in Resources */,
				A0151AEE1C834B350078D3EF /* objectC_highlight.png in Resources */,
				A0151AF61C834BA00078D3EF /* down.png in Resources */,
				A0F3B7981C7DF5D0000A686A /* instBackground.png in Resources */,
				A04006751CA19A4900B6916E /* user_pressed.png in Resources */,
				A0A1F1CA1CB410E100C8CCA4 /* bin.atlas in Resources */,
				A0F1BE471C7F528900C62870 /* play.png in Resources */,
				A0F1BE451C7F528300C62870 /* play_highlight.png in Resources */,
				A08EA6041CB93520005E1C81 /* star2.png in Resources */,
				A0FD093B1CAADDF000267669 /* homebackground.png in Resources */,
				A0DFDBC41C9C64290056196A /* menuBackground.png in Resources */,
				A0151B061C834D150078D3EF /* program_objectc.png in Resources */,
				A040067C1CA1AE4D00B6916E /* mute.png in Resources */,
				A04006731CA199E600B6916E /* user.png in Resources */,
				A031D46D1CA3277800CC24E7 /* user_disabled.png in Resources */,
				A0151AFA1C834BA00078D3EF /* objectc.png in Resources */,
				A0FD092B1CA97B2A00267669 /* btnCancel.png in Resources */,
				A0151B031C834D150078D3EF /* program_left.png in Resources */,
				A0FD09291CA97B2300267669 /* btnOK.png in Resources */,
				A0151AEC1C834B350078D3EF /* objectA_highlight.png in Resources */,
				A08EA6071CB956BE005E1C81 /* padlock.png in Resources */,
				A056A1CB1CB81C930027E530 /* Test.storyboard in Resources */,
				A0F3B79A1C7E2D87000A686A /* prgBckground.png in Resources */,
				A0FD09371CAADC0D00267669 /* btnPlay.png in Resources */,
				A0FD09391CAADC1300267669 /* btnHelp.png in Resources */,
				A08EA6051CB93520005E1C81 /* star3.png in Resources */,
				A0151B021C834D150078D3EF /* program_down.png in Resources */,
				A08CFF301CAC057800D3B7AD /* btnQuit.png in Resources */,
				A04006781CA1A67600B6916E /* home_pressed.png in Resources */,
				A0151AF81C834BA00078D3EF /* objecta.png in Resources */,
				A040067E1CA1AE6100B6916E /* audio.png in Resources */,
				A0151B041C834D150078D3EF /* program_objecta.png in Resources */,
				A0151AEA1C834B350078D3EF /* down_highlight.png in Resources */,
				A0151AED1C834B350078D3EF /* objectB_highlight.png in Resources */,
				A0151AEB1C834B350078D3EF /* left_highlight.png in Resources */,
				A0F1BE4E1C7F5D3900C62870 /* program_up.png in Resources */,
				A0151AF91C834BA00078D3EF /* objectb.png in Resources */,
				A0E87C641C7A358E0098BEE2 /* Assets.xcassets in Resources */,
				A08EA6031CB93520005E1C81 /* star1.png in Resources */,
				A0151B051C834D150078D3EF /* program_objectb.png in Resources */,
				A08EA5FF1CB934DB005E1C81 /* star0.png in Resources */,
				A0E87C621C7A358E0098BEE2 /* Main.storyboard in Resources */,
				A0151B071C834D150078D3EF /* program_right.png in Resources */,
				A0F1BE4B1C7F5C7700C62870 /* up.png in Resources */,
				A058144A1CAC2158001627B8 /* Si Kancil.ttf in Resources */,
				A0151AEF1C834B350078D3EF /* right_highlight.png in Resources */,
				A0F1BE501C7F5D3F00C62870 /* program_play.png in Resources */,
				A056A1831CB546210027E530 /* monkey.png in Resources */,
				A031D46B1CA3268F00CC24E7 /* home_disabled.png in Resources */,
				A0FD09351CAADBF700267669 /* menuBackgroundwithText.png in Resources */,
				A056A1871CB6AFC10027E530 /* dog.atlas in Resources */,
				A0F3B7881C7DCAB3000A686A /* TestScene.sks in Resources */,
				A0F3B78D1C7DEFF0000A686A /* outBckground.png in Resources */,
				A0F1BE491C7F5C6E00C62870 /* up_highlight.png in Resources */,
			);
			runOnlyForDeploymentPostprocessing = 0;
		};
		A0E87C6B1C7A358E0098BEE2 /* Resources */ = {
			isa = PBXResourcesBuildPhase;
			buildActionMask = 2147483647;
			files = (
			);
			runOnlyForDeploymentPostprocessing = 0;
		};
/* End PBXResourcesBuildPhase section */

/* Begin PBXSourcesBuildPhase section */
		A0E87C511C7A358E0098BEE2 /* Sources */ = {
			isa = PBXSourcesBuildPhase;
			buildActionMask = 2147483647;
			files = (
				A0E87C5F1C7A358E0098BEE2 /* GameViewController.swift in Sources */,
				A0F1BE521C7F6CC100C62870 /* Program.swift in Sources */,
				A04006821CA1C38F00B6916E /* UserViewController.swift in Sources */,
				A08EA6091CB95FD3005E1C81 /* FeedbackViewController.swift in Sources */,
				A05814421CAC1BE1001627B8 /* MaterialView.swift in Sources */,
				A022B96E1CAC420000091B7F /* ProgramCell.swift in Sources */,
				A0FD092D1CAADB1A00267669 /* HomeViewController.swift in Sources */,
				A056A1CC1CB81C930027E530 /* CustomSegue.swift in Sources */,
				A0DFDBC01C9B14910056196A /* HomeScene.swift in Sources */,
				A0AD39B51CA6DE140088FB60 /* GameScene.swift in Sources */,
				A056A1C71CB81C820027E530 /* FirstViewController.swift in Sources */,
				A0F3B79E1C7E355D000A686A /* Blocks.swift in Sources */,
				A0F3B79C1C7E2F68000A686A /* Level.swift in Sources */,
				A05814461CAC1C2E001627B8 /* Constants.swift in Sources */,
				A0E384C51CB98743002B5C0C /* FeedbackView.swift in Sources */,
				A056A1891CB705600027E530 /* LevelViewController.swift in Sources */,
				A056A1C81CB81C820027E530 /* PopUpViewController.swift in Sources */,
				A0E87C591C7A358E0098BEE2 /* AppDelegate.swift in Sources */,
				A058144C1CAC239E001627B8 /* MaterialTextField.swift in Sources */,
				A0AD39B71CA6DE2B0088FB60 /* ControlsScene.swift in Sources */,
				A09C30B71C9EFE0900D1406F /* UserModel.swift in Sources */,
			);
			runOnlyForDeploymentPostprocessing = 0;
		};
		A0E87C691C7A358E0098BEE2 /* Sources */ = {
			isa = PBXSourcesBuildPhase;
			buildActionMask = 2147483647;
			files = (
				A0E87C721C7A358E0098BEE2 /* Dissertation_IOS_SpriteKitTests.swift in Sources */,
			);
			runOnlyForDeploymentPostprocessing = 0;
		};
/* End PBXSourcesBuildPhase section */

/* Begin PBXTargetDependency section */
		A0E87C6F1C7A358E0098BEE2 /* PBXTargetDependency */ = {
			isa = PBXTargetDependency;
			target = A0E87C541C7A358E0098BEE2 /* Dissertation-IOS-SpriteKit */;
			targetProxy = A0E87C6E1C7A358E0098BEE2 /* PBXContainerItemProxy */;
		};
/* End PBXTargetDependency section */

/* Begin PBXVariantGroup section */
		A0E87C601C7A358E0098BEE2 /* Main.storyboard */ = {
			isa = PBXVariantGroup;
			children = (
				A0E87C611C7A358E0098BEE2 /* Base */,
			);
			name = Main.storyboard;
			sourceTree = "<group>";
		};
		A0E87C651C7A358E0098BEE2 /* LaunchScreen.storyboard */ = {
			isa = PBXVariantGroup;
			children = (
				A0E87C661C7A358E0098BEE2 /* Base */,
			);
			name = LaunchScreen.storyboard;
			sourceTree = "<group>";
		};
/* End PBXVariantGroup section */

/* Begin XCBuildConfiguration section */
		A0E87C741C7A358E0098BEE2 /* Debug */ = {
			isa = XCBuildConfiguration;
			buildSettings = {
				ALWAYS_SEARCH_USER_PATHS = NO;
				CLANG_CXX_LANGUAGE_STANDARD = "gnu++0x";
				CLANG_CXX_LIBRARY = "libc++";
				CLANG_ENABLE_MODULES = YES;
				CLANG_ENABLE_OBJC_ARC = YES;
				CLANG_WARN_BOOL_CONVERSION = YES;
				CLANG_WARN_CONSTANT_CONVERSION = YES;
				CLANG_WARN_DIRECT_OBJC_ISA_USAGE = YES_ERROR;
				CLANG_WARN_EMPTY_BODY = YES;
				CLANG_WARN_ENUM_CONVERSION = YES;
				CLANG_WARN_INT_CONVERSION = YES;
				CLANG_WARN_OBJC_ROOT_CLASS = YES_ERROR;
				CLANG_WARN_UNREACHABLE_CODE = YES;
				CLANG_WARN__DUPLICATE_METHOD_MATCH = YES;
				"CODE_SIGN_IDENTITY[sdk=iphoneos*]" = "iPhone Developer";
				COPY_PHASE_STRIP = NO;
				DEBUG_INFORMATION_FORMAT = "dwarf-with-dsym";
				ENABLE_STRICT_OBJC_MSGSEND = YES;
				ENABLE_TESTABILITY = YES;
				GCC_C_LANGUAGE_STANDARD = gnu99;
				GCC_DYNAMIC_NO_PIC = NO;
				GCC_NO_COMMON_BLOCKS = YES;
				GCC_OPTIMIZATION_LEVEL = 0;
				GCC_PREPROCESSOR_DEFINITIONS = (
					"DEBUG=1",
					"$(inherited)",
				);
				GCC_WARN_64_TO_32_BIT_CONVERSION = YES;
				GCC_WARN_ABOUT_RETURN_TYPE = YES_ERROR;
				GCC_WARN_UNDECLARED_SELECTOR = YES;
				GCC_WARN_UNINITIALIZED_AUTOS = YES_AGGRESSIVE;
				GCC_WARN_UNUSED_FUNCTION = YES;
				GCC_WARN_UNUSED_VARIABLE = YES;
				IPHONEOS_DEPLOYMENT_TARGET = 9.2;
				MTL_ENABLE_DEBUG_INFO = YES;
				ONLY_ACTIVE_ARCH = YES;
				SDKROOT = iphoneos;
				SWIFT_OPTIMIZATION_LEVEL = "-Onone";
				TARGETED_DEVICE_FAMILY = 2;
			};
			name = Debug;
		};
		A0E87C751C7A358E0098BEE2 /* Release */ = {
			isa = XCBuildConfiguration;
			buildSettings = {
				ALWAYS_SEARCH_USER_PATHS = NO;
				CLANG_CXX_LANGUAGE_STANDARD = "gnu++0x";
				CLANG_CXX_LIBRARY = "libc++";
				CLANG_ENABLE_MODULES = YES;
				CLANG_ENABLE_OBJC_ARC = YES;
				CLANG_WARN_BOOL_CONVERSION = YES;
				CLANG_WARN_CONSTANT_CONVERSION = YES;
				CLANG_WARN_DIRECT_OBJC_ISA_USAGE = YES_ERROR;
				CLANG_WARN_EMPTY_BODY = YES;
				CLANG_WARN_ENUM_CONVERSION = YES;
				CLANG_WARN_INT_CONVERSION = YES;
				CLANG_WARN_OBJC_ROOT_CLASS = YES_ERROR;
				CLANG_WARN_UNREACHABLE_CODE = YES;
				CLANG_WARN__DUPLICATE_METHOD_MATCH = YES;
				"CODE_SIGN_IDENTITY[sdk=iphoneos*]" = "iPhone Developer";
				COPY_PHASE_STRIP = NO;
				DEBUG_INFORMATION_FORMAT = "dwarf-with-dsym";
				ENABLE_NS_ASSERTIONS = NO;
				ENABLE_STRICT_OBJC_MSGSEND = YES;
				GCC_C_LANGUAGE_STANDARD = gnu99;
				GCC_NO_COMMON_BLOCKS = YES;
				GCC_WARN_64_TO_32_BIT_CONVERSION = YES;
				GCC_WARN_ABOUT_RETURN_TYPE = YES_ERROR;
				GCC_WARN_UNDECLARED_SELECTOR = YES;
				GCC_WARN_UNINITIALIZED_AUTOS = YES_AGGRESSIVE;
				GCC_WARN_UNUSED_FUNCTION = YES;
				GCC_WARN_UNUSED_VARIABLE = YES;
				IPHONEOS_DEPLOYMENT_TARGET = 9.2;
				MTL_ENABLE_DEBUG_INFO = NO;
				SDKROOT = iphoneos;
				TARGETED_DEVICE_FAMILY = 2;
				VALIDATE_PRODUCT = YES;
			};
			name = Release;
		};
		A0E87C771C7A358E0098BEE2 /* Debug */ = {
			isa = XCBuildConfiguration;
			buildSettings = {
				ASSETCATALOG_COMPILER_APPICON_NAME = AppIcon;
				CODE_SIGN_IDENTITY = "iPhone Developer";
				"CODE_SIGN_IDENTITY[sdk=iphoneos*]" = "iPhone Developer";
				INFOPLIST_FILE = "Dissertation-IOS-SpriteKit/Info.plist";
				IPHONEOS_DEPLOYMENT_TARGET = 9.0;
				LD_RUNPATH_SEARCH_PATHS = "$(inherited) @executable_path/Frameworks";
				PRODUCT_BUNDLE_IDENTIFIER = "com.melenie.Dissertation-IOS-SpriteKit";
				PRODUCT_NAME = "$(TARGET_NAME)";
				PROVISIONING_PROFILE = "";
				TARGETED_DEVICE_FAMILY = "1,2";
			};
			name = Debug;
		};
		A0E87C781C7A358E0098BEE2 /* Release */ = {
			isa = XCBuildConfiguration;
			buildSettings = {
				ASSETCATALOG_COMPILER_APPICON_NAME = AppIcon;
				CODE_SIGN_IDENTITY = "iPhone Developer";
				"CODE_SIGN_IDENTITY[sdk=iphoneos*]" = "iPhone Developer";
				INFOPLIST_FILE = "Dissertation-IOS-SpriteKit/Info.plist";
				IPHONEOS_DEPLOYMENT_TARGET = 9.0;
				LD_RUNPATH_SEARCH_PATHS = "$(inherited) @executable_path/Frameworks";
				PRODUCT_BUNDLE_IDENTIFIER = "com.melenie.Dissertation-IOS-SpriteKit";
				PRODUCT_NAME = "$(TARGET_NAME)";
				PROVISIONING_PROFILE = "";
				TARGETED_DEVICE_FAMILY = "1,2";
			};
			name = Release;
		};
		A0E87C7A1C7A358E0098BEE2 /* Debug */ = {
			isa = XCBuildConfiguration;
			buildSettings = {
				BUNDLE_LOADER = "$(TEST_HOST)";
				DEBUG_INFORMATION_FORMAT = dwarf;
				INFOPLIST_FILE = "Dissertation-IOS-SpriteKitTests/Info.plist";
				LD_RUNPATH_SEARCH_PATHS = "$(inherited) @executable_path/Frameworks @loader_path/Frameworks";
				PRODUCT_BUNDLE_IDENTIFIER = "com.melenie.Dissertation-IOS-SpriteKitTests";
				PRODUCT_NAME = "$(TARGET_NAME)";
				TEST_HOST = "$(BUILT_PRODUCTS_DIR)/Dissertation-IOS-SpriteKit.app/Dissertation-IOS-SpriteKit";
			};
			name = Debug;
		};
		A0E87C7B1C7A358E0098BEE2 /* Release */ = {
			isa = XCBuildConfiguration;
			buildSettings = {
				BUNDLE_LOADER = "$(TEST_HOST)";
				INFOPLIST_FILE = "Dissertation-IOS-SpriteKitTests/Info.plist";
				LD_RUNPATH_SEARCH_PATHS = "$(inherited) @executable_path/Frameworks @loader_path/Frameworks";
				PRODUCT_BUNDLE_IDENTIFIER = "com.melenie.Dissertation-IOS-SpriteKitTests";
				PRODUCT_NAME = "$(TARGET_NAME)";
				TEST_HOST = "$(BUILT_PRODUCTS_DIR)/Dissertation-IOS-SpriteKit.app/Dissertation-IOS-SpriteKit";
			};
			name = Release;
		};
/* End XCBuildConfiguration section */

/* Begin XCConfigurationList section */
		A0E87C501C7A358E0098BEE2 /* Build configuration list for PBXProject "Dissertation-IOS-SpriteKit" */ = {
			isa = XCConfigurationList;
			buildConfigurations = (
				A0E87C741C7A358E0098BEE2 /* Debug */,
				A0E87C751C7A358E0098BEE2 /* Release */,
			);
			defaultConfigurationIsVisible = 0;
			defaultConfigurationName = Release;
		};
		A0E87C761C7A358E0098BEE2 /* Build configuration list for PBXNativeTarget "Dissertation-IOS-SpriteKit" */ = {
			isa = XCConfigurationList;
			buildConfigurations = (
				A0E87C771C7A358E0098BEE2 /* Debug */,
				A0E87C781C7A358E0098BEE2 /* Release */,
			);
			defaultConfigurationIsVisible = 0;
			defaultConfigurationName = Release;
		};
		A0E87C791C7A358E0098BEE2 /* Build configuration list for PBXNativeTarget "Dissertation-IOS-SpriteKitTests" */ = {
			isa = XCConfigurationList;
			buildConfigurations = (
				A0E87C7A1C7A358E0098BEE2 /* Debug */,
				A0E87C7B1C7A358E0098BEE2 /* Release */,
			);
			defaultConfigurationIsVisible = 0;
			defaultConfigurationName = Release;
		};
/* End XCConfigurationList section */
	};
	rootObject = A0E87C4D1C7A358E0098BEE2 /* Project object */;
}
